
Microsoft Visual Studio Solution File, Format Version 12.00
# Visual Studio Version 17
VisualStudioVersion = 17.9.34616.47
MinimumVisualStudioVersion = 10.0.40219.1
Project("{FAE04EC0-301F-11D3-BF4B-00C04F79EFBC}") = "CsvWrangler", "CsvWrangler\CsvWrangler.csproj", "{1AE8D766-9053-4E0F-9A32-867163D99C4C}"
EndProject
Project("{FAE04EC0-301F-11D3-BF4B-00C04F79EFBC}") = "CsvWrangler.UnitTests", "CsvWrangler.UnitTests\CsvWrangler.UnitTests.csproj", "{8A0E081D-B6B5-433D-82CA-390EE449F969}"
EndProject
Project("{FAE04EC0-301F-11D3-BF4B-00C04F79EFBC}") = "CsvWrangler.Universal", "CsvWrangler.Universal\CsvWrangler.Universal.csproj", "{255B2357-54C3-4D4F-A747-3D660C946CE2}"
EndProject
Project("{FF286327-C783-4F7A-AB73-9BCBAD0D4460}") = "CsvWrangler.NuGet", "CsvWrangler.NuGet\CsvWrangler.NuGet.nuproj", "{32555DF0-9FC0-40CD-AA82-891D8EB1A732}"
EndProject
Project("{2150E333-8FDC-42A3-9474-1A3956D46DE8}") = "Solution Items", "Solution Items", "{5D81E33B-6AE3-4BDF-A8C3-8539BD1DABA9}"
	ProjectSection(SolutionItems) = preProject
		CsvWrangler.nuspec = CsvWrangler.nuspec
		LICENSE.TXT = LICENSE.TXT
		README.md = README.md
	EndProjectSection
EndProject
Project("{9A19103F-16F7-4668-BE54-9A1E7A4F7556}") = "CsvWrangler.Core", "CsvWrangler.Core\CsvWrangler.Core.csproj", "{22879909-FE40-4230-AB02-0C8228CD997B}"
EndProject
Project("{9A19103F-16F7-4668-BE54-9A1E7A4F7556}") = "CsvWrangler.Core.UnitTests", "CsvWrangler.Core.UnitTests\CsvWrangler.Core.UnitTests.csproj", "{D5BA95F2-0A98-4E2D-8E8B-FB80EFDF111B}"
EndProject
Global
	GlobalSection(SolutionConfigurationPlatforms) = preSolution
		Debug|Any CPU = Debug|Any CPU
		Debug|ARM = Debug|ARM
		Debug|x64 = Debug|x64
		Debug|x86 = Debug|x86
		Release|Any CPU = Release|Any CPU
		Release|ARM = Release|ARM
		Release|x64 = Release|x64
		Release|x86 = Release|x86
	EndGlobalSection
	GlobalSection(ProjectConfigurationPlatforms) = postSolution
		{1AE8D766-9053-4E0F-9A32-867163D99C4C}.Debug|Any CPU.ActiveCfg = Debug|Any CPU
		{1AE8D766-9053-4E0F-9A32-867163D99C4C}.Debug|Any CPU.Build.0 = Debug|Any CPU
		{1AE8D766-9053-4E0F-9A32-867163D99C4C}.Debug|ARM.ActiveCfg = Debug|Any CPU
		{1AE8D766-9053-4E0F-9A32-867163D99C4C}.Debug|ARM.Build.0 = Debug|Any CPU
		{1AE8D766-9053-4E0F-9A32-867163D99C4C}.Debug|x64.ActiveCfg = Debug|Any CPU
		{1AE8D766-9053-4E0F-9A32-867163D99C4C}.Debug|x64.Build.0 = Debug|Any CPU
		{1AE8D766-9053-4E0F-9A32-867163D99C4C}.Debug|x86.ActiveCfg = Debug|Any CPU
		{1AE8D766-9053-4E0F-9A32-867163D99C4C}.Debug|x86.Build.0 = Debug|Any CPU
		{1AE8D766-9053-4E0F-9A32-867163D99C4C}.Release|Any CPU.ActiveCfg = Release|Any CPU
		{1AE8D766-9053-4E0F-9A32-867163D99C4C}.Release|Any CPU.Build.0 = Release|Any CPU
		{1AE8D766-9053-4E0F-9A32-867163D99C4C}.Release|ARM.ActiveCfg = Release|Any CPU
		{1AE8D766-9053-4E0F-9A32-867163D99C4C}.Release|ARM.Build.0 = Release|Any CPU
		{1AE8D766-9053-4E0F-9A32-867163D99C4C}.Release|x64.ActiveCfg = Release|Any CPU
		{1AE8D766-9053-4E0F-9A32-867163D99C4C}.Release|x64.Build.0 = Release|Any CPU
		{1AE8D766-9053-4E0F-9A32-867163D99C4C}.Release|x86.ActiveCfg = Release|Any CPU
		{1AE8D766-9053-4E0F-9A32-867163D99C4C}.Release|x86.Build.0 = Release|Any CPU
		{8A0E081D-B6B5-433D-82CA-390EE449F969}.Debug|Any CPU.ActiveCfg = Debug|Any CPU
		{8A0E081D-B6B5-433D-82CA-390EE449F969}.Debug|Any CPU.Build.0 = Debug|Any CPU
		{8A0E081D-B6B5-433D-82CA-390EE449F969}.Debug|ARM.ActiveCfg = Debug|Any CPU
		{8A0E081D-B6B5-433D-82CA-390EE449F969}.Debug|ARM.Build.0 = Debug|Any CPU
		{8A0E081D-B6B5-433D-82CA-390EE449F969}.Debug|x64.ActiveCfg = Debug|Any CPU
		{8A0E081D-B6B5-433D-82CA-390EE449F969}.Debug|x64.Build.0 = Debug|Any CPU
		{8A0E081D-B6B5-433D-82CA-390EE449F969}.Debug|x86.ActiveCfg = Debug|Any CPU
		{8A0E081D-B6B5-433D-82CA-390EE449F969}.Debug|x86.Build.0 = Debug|Any CPU
		{8A0E081D-B6B5-433D-82CA-390EE449F969}.Release|Any CPU.ActiveCfg = Release|Any CPU
		{8A0E081D-B6B5-433D-82CA-390EE449F969}.Release|Any CPU.Build.0 = Release|Any CPU
		{8A0E081D-B6B5-433D-82CA-390EE449F969}.Release|ARM.ActiveCfg = Release|Any CPU
		{8A0E081D-B6B5-433D-82CA-390EE449F969}.Release|ARM.Build.0 = Release|Any CPU
		{8A0E081D-B6B5-433D-82CA-390EE449F969}.Release|x64.ActiveCfg = Release|Any CPU
		{8A0E081D-B6B5-433D-82CA-390EE449F969}.Release|x64.Build.0 = Release|Any CPU
		{8A0E081D-B6B5-433D-82CA-390EE449F969}.Release|x86.ActiveCfg = Release|Any CPU
		{8A0E081D-B6B5-433D-82CA-390EE449F969}.Release|x86.Build.0 = Release|Any CPU
		{255B2357-54C3-4D4F-A747-3D660C946CE2}.Debug|Any CPU.ActiveCfg = Debug|Any CPU
		{255B2357-54C3-4D4F-A747-3D660C946CE2}.Debug|Any CPU.Build.0 = Debug|Any CPU
		{255B2357-54C3-4D4F-A747-3D660C946CE2}.Debug|ARM.ActiveCfg = Debug|ARM
		{255B2357-54C3-4D4F-A747-3D660C946CE2}.Debug|ARM.Build.0 = Debug|ARM
		{255B2357-54C3-4D4F-A747-3D660C946CE2}.Debug|x64.ActiveCfg = Debug|x64
		{255B2357-54C3-4D4F-A747-3D660C946CE2}.Debug|x64.Build.0 = Debug|x64
		{255B2357-54C3-4D4F-A747-3D660C946CE2}.Debug|x86.ActiveCfg = Debug|x86
		{255B2357-54C3-4D4F-A747-3D660C946CE2}.Debug|x86.Build.0 = Debug|x86
		{255B2357-54C3-4D4F-A747-3D660C946CE2}.Release|Any CPU.ActiveCfg = Release|Any CPU
		{255B2357-54C3-4D4F-A747-3D660C946CE2}.Release|Any CPU.Build.0 = Release|Any CPU
		{255B2357-54C3-4D4F-A747-3D660C946CE2}.Release|ARM.ActiveCfg = Release|ARM
		{255B2357-54C3-4D4F-A747-3D660C946CE2}.Release|ARM.Build.0 = Release|ARM
		{255B2357-54C3-4D4F-A747-3D660C946CE2}.Release|x64.ActiveCfg = Release|x64
		{255B2357-54C3-4D4F-A747-3D660C946CE2}.Release|x64.Build.0 = Release|x64
		{255B2357-54C3-4D4F-A747-3D660C946CE2}.Release|x86.ActiveCfg = Release|x86
		{255B2357-54C3-4D4F-A747-3D660C946CE2}.Release|x86.Build.0 = Release|x86
		{32555DF0-9FC0-40CD-AA82-891D8EB1A732}.Debug|Any CPU.ActiveCfg = Debug|Any CPU
		{32555DF0-9FC0-40CD-AA82-891D8EB1A732}.Debug|Any CPU.Build.0 = Debug|Any CPU
		{32555DF0-9FC0-40CD-AA82-891D8EB1A732}.Debug|ARM.ActiveCfg = Debug|Any CPU
		{32555DF0-9FC0-40CD-AA82-891D8EB1A732}.Debug|ARM.Build.0 = Debug|Any CPU
		{32555DF0-9FC0-40CD-AA82-891D8EB1A732}.Debug|x64.ActiveCfg = Debug|Any CPU
		{32555DF0-9FC0-40CD-AA82-891D8EB1A732}.Debug|x64.Build.0 = Debug|Any CPU
		{32555DF0-9FC0-40CD-AA82-891D8EB1A732}.Debug|x86.ActiveCfg = Debug|Any CPU
		{32555DF0-9FC0-40CD-AA82-891D8EB1A732}.Debug|x86.Build.0 = Debug|Any CPU
		{32555DF0-9FC0-40CD-AA82-891D8EB1A732}.Release|Any CPU.ActiveCfg = Release|Any CPU
		{32555DF0-9FC0-40CD-AA82-891D8EB1A732}.Release|Any CPU.Build.0 = Release|Any CPU
		{32555DF0-9FC0-40CD-AA82-891D8EB1A732}.Release|ARM.ActiveCfg = Release|Any CPU
		{32555DF0-9FC0-40CD-AA82-891D8EB1A732}.Release|ARM.Build.0 = Release|Any CPU
		{32555DF0-9FC0-40CD-AA82-891D8EB1A732}.Release|x64.ActiveCfg = Release|Any CPU
		{32555DF0-9FC0-40CD-AA82-891D8EB1A732}.Release|x64.Build.0 = Release|Any CPU
		{32555DF0-9FC0-40CD-AA82-891D8EB1A732}.Release|x86.ActiveCfg = Release|Any CPU
		{32555DF0-9FC0-40CD-AA82-891D8EB1A732}.Release|x86.Build.0 = Release|Any CPU
		{22879909-FE40-4230-AB02-0C8228CD997B}.Debug|Any CPU.ActiveCfg = Debug|Any CPU
		{22879909-FE40-4230-AB02-0C8228CD997B}.Debug|Any CPU.Build.0 = Debug|Any CPU
		{22879909-FE40-4230-AB02-0C8228CD997B}.Debug|ARM.ActiveCfg = Debug|Any CPU
		{22879909-FE40-4230-AB02-0C8228CD997B}.Debug|ARM.Build.0 = Debug|Any CPU
		{22879909-FE40-4230-AB02-0C8228CD997B}.Debug|x64.ActiveCfg = Debug|Any CPU
		{22879909-FE40-4230-AB02-0C8228CD997B}.Debug|x64.Build.0 = Debug|Any CPU
		{22879909-FE40-4230-AB02-0C8228CD997B}.Debug|x86.ActiveCfg = Debug|Any CPU
		{22879909-FE40-4230-AB02-0C8228CD997B}.Debug|x86.Build.0 = Debug|Any CPU
		{22879909-FE40-4230-AB02-0C8228CD997B}.Release|Any CPU.ActiveCfg = Release|Any CPU
		{22879909-FE40-4230-AB02-0C8228CD997B}.Release|Any CPU.Build.0 = Release|Any CPU
		{22879909-FE40-4230-AB02-0C8228CD997B}.Release|ARM.ActiveCfg = Release|Any CPU
		{22879909-FE40-4230-AB02-0C8228CD997B}.Release|ARM.Build.0 = Release|Any CPU
		{22879909-FE40-4230-AB02-0C8228CD997B}.Release|x64.ActiveCfg = Release|Any CPU
		{22879909-FE40-4230-AB02-0C8228CD997B}.Release|x64.Build.0 = Release|Any CPU
		{22879909-FE40-4230-AB02-0C8228CD997B}.Release|x86.ActiveCfg = Release|Any CPU
		{22879909-FE40-4230-AB02-0C8228CD997B}.Release|x86.Build.0 = Release|Any CPU
		{D5BA95F2-0A98-4E2D-8E8B-FB80EFDF111B}.Debug|Any CPU.ActiveCfg = Debug|Any CPU
		{D5BA95F2-0A98-4E2D-8E8B-FB80EFDF111B}.Debug|Any CPU.Build.0 = Debug|Any CPU
		{D5BA95F2-0A98-4E2D-8E8B-FB80EFDF111B}.Debug|ARM.ActiveCfg = Debug|Any CPU
		{D5BA95F2-0A98-4E2D-8E8B-FB80EFDF111B}.Debug|ARM.Build.0 = Debug|Any CPU
		{D5BA95F2-0A98-4E2D-8E8B-FB80EFDF111B}.Debug|x64.ActiveCfg = Debug|Any CPU
		{D5BA95F2-0A98-4E2D-8E8B-FB80EFDF111B}.Debug|x64.Build.0 = Debug|Any CPU
		{D5BA95F2-0A98-4E2D-8E8B-FB80EFDF111B}.Debug|x86.ActiveCfg = Debug|Any CPU
		{D5BA95F2-0A98-4E2D-8E8B-FB80EFDF111B}.Debug|x86.Build.0 = Debug|Any CPU
		{D5BA95F2-0A98-4E2D-8E8B-FB80EFDF111B}.Release|Any CPU.ActiveCfg = Release|Any CPU
		{D5BA95F2-0A98-4E2D-8E8B-FB80EFDF111B}.Release|Any CPU.Build.0 = Release|Any CPU
		{D5BA95F2-0A98-4E2D-8E8B-FB80EFDF111B}.Release|ARM.ActiveCfg = Release|Any CPU
		{D5BA95F2-0A98-4E2D-8E8B-FB80EFDF111B}.Release|ARM.Build.0 = Release|Any CPU
		{D5BA95F2-0A98-4E2D-8E8B-FB80EFDF111B}.Release|x64.ActiveCfg = Release|Any CPU
		{D5BA95F2-0A98-4E2D-8E8B-FB80EFDF111B}.Release|x64.Build.0 = Release|Any CPU
		{D5BA95F2-0A98-4E2D-8E8B-FB80EFDF111B}.Release|x86.ActiveCfg = Release|Any CPU
		{D5BA95F2-0A98-4E2D-8E8B-FB80EFDF111B}.Release|x86.Build.0 = Release|Any CPU
	EndGlobalSection
	GlobalSection(SolutionProperties) = preSolution
		HideSolutionNode = FALSE
	EndGlobalSection
	GlobalSection(ExtensibilityGlobals) = postSolution
		SolutionGuid = {93B9FCC4-F964-41E6-8E0C-3EBB52E2A5BB}
	EndGlobalSection
EndGlobal
