
Microsoft Visual Studio Solution File, Format Version 12.00
# Visual Studio 2012
Project("{FAE04EC0-301F-11D3-BF4B-00C04F79EFBC}") = "CsvWrangler", "CsvWrangler\CsvWrangler.csproj", "{1AE8D766-9053-4E0F-9A32-867163D99C4C}"
EndProject
Project("{FAE04EC0-301F-11D3-BF4B-00C04F79EFBC}") = "CsvWrangler.UnitTests", "CsvWrangler.UnitTests\CsvWrangler.UnitTests.csproj", "{8A0E081D-B6B5-433D-82CA-390EE449F969}"
EndProject
Global
	GlobalSection(TeamFoundationVersionControl) = preSolution
		SccNumberOfProjects = 3
		SccEnterpriseProvider = {4CA58AB2-18FA-4F8D-95D4-32DDF27D184C}
		SccTeamFoundationServer = https://tfs.codeplex.com/tfs/tfs14
		SccLocalPath0 = .
		SccProjectUniqueName1 = CsvWrangler.UnitTests\\CsvWrangler.UnitTests.csproj
		SccProjectName1 = CsvWrangler.UnitTests
		SccLocalPath1 = CsvWrangler.UnitTests
		SccProjectUniqueName2 = CsvWrangler\\CsvWrangler.csproj
		SccProjectName2 = CsvWrangler
		SccLocalPath2 = CsvWrangler
	EndGlobalSection
	GlobalSection(SolutionConfigurationPlatforms) = preSolution
		Debug|Any CPU = Debug|Any CPU
		Release|Any CPU = Release|Any CPU
	EndGlobalSection
	GlobalSection(ProjectConfigurationPlatforms) = postSolution
		{1AE8D766-9053-4E0F-9A32-867163D99C4C}.Debug|Any CPU.ActiveCfg = Debug|Any CPU
		{1AE8D766-9053-4E0F-9A32-867163D99C4C}.Debug|Any CPU.Build.0 = Debug|Any CPU
		{1AE8D766-9053-4E0F-9A32-867163D99C4C}.Release|Any CPU.ActiveCfg = Release|Any CPU
		{1AE8D766-9053-4E0F-9A32-867163D99C4C}.Release|Any CPU.Build.0 = Release|Any CPU
		{8A0E081D-B6B5-433D-82CA-390EE449F969}.Debug|Any CPU.ActiveCfg = Debug|Any CPU
		{8A0E081D-B6B5-433D-82CA-390EE449F969}.Debug|Any CPU.Build.0 = Debug|Any CPU
		{8A0E081D-B6B5-433D-82CA-390EE449F969}.Release|Any CPU.ActiveCfg = Release|Any CPU
		{8A0E081D-B6B5-433D-82CA-390EE449F969}.Release|Any CPU.Build.0 = Release|Any CPU
	EndGlobalSection
	GlobalSection(SolutionProperties) = preSolution
		HideSolutionNode = FALSE
	EndGlobalSection
EndGlobal
